
Microsoft Visual Studio Solution File, Format Version 12.00
# Visual Studio 15
VisualStudioVersion = 15.0.28010.2016
MinimumVisualStudioVersion = 10.0.40219.1
Project("{FAE04EC0-301F-11D3-BF4B-00C04F79EFBC}") = "_Root", "_Root\_Root.csproj", "{AA6961E2-E995-4774-BAAF-4576B5F13D20}"
EndProject
Project("{FAE04EC0-301F-11D3-BF4B-00C04F79EFBC}") = "Tests", "Tests\Tests.csproj", "{4D9F8BED-6088-4D9E-86E7-C7B0DF5973F7}"
EndProject
Global
	GlobalSection(SolutionConfigurationPlatforms) = preSolution
		Debug|Any CPU = Debug|Any CPU
		Release|Any CPU = Release|Any CPU
	EndGlobalSection
	GlobalSection(ProjectConfigurationPlatforms) = postSolution
		{AA6961E2-E995-4774-BAAF-4576B5F13D20}.Debug|Any CPU.ActiveCfg = Debug|Any CPU
		{AA6961E2-E995-4774-BAAF-4576B5F13D20}.Debug|Any CPU.Build.0 = Debug|Any CPU
		{AA6961E2-E995-4774-BAAF-4576B5F13D20}.Release|Any CPU.ActiveCfg = Release|Any CPU
		{AA6961E2-E995-4774-BAAF-4576B5F13D20}.Release|Any CPU.Build.0 = Release|Any CPU
		{4D9F8BED-6088-4D9E-86E7-C7B0DF5973F7}.Debug|Any CPU.ActiveCfg = Debug|Any CPU
		{4D9F8BED-6088-4D9E-86E7-C7B0DF5973F7}.Debug|Any CPU.Build.0 = Debug|Any CPU
		{4D9F8BED-6088-4D9E-86E7-C7B0DF5973F7}.Release|Any CPU.ActiveCfg = Release|Any CPU
		{4D9F8BED-6088-4D9E-86E7-C7B0DF5973F7}.Release|Any CPU.Build.0 = Release|Any CPU
	EndGlobalSection
	GlobalSection(SolutionProperties) = preSolution
		HideSolutionNode = FALSE
	EndGlobalSection
	GlobalSection(ExtensibilityGlobals) = postSolution
		SolutionGuid = {4D91E50D-9C29-42F1-95D2-76DD6F7CA1EA}
	EndGlobalSection
EndGlobal
