
Microsoft Visual Studio Solution File, Format Version 12.00
# Visual Studio 2012
Project("{FAE04EC0-301F-11D3-BF4B-00C04F79EFBC}") = "_Root", "_Root\_Root.csproj", "{2611A503-AE4B-4739-AD31-80685D786D26}"
EndProject
Project("{2150E333-8FDC-42A3-9474-1A3956D46DE8}") = "Solution Items", "Solution Items", "{0024A69C-E51D-4B1B-9971-180715B52D3D}"
	ProjectSection(SolutionItems) = preProject
		CustomDictionary.xml = CustomDictionary.xml
		MorseCode.snk = MorseCode.snk
		Settings.StyleCop = Settings.StyleCop
	EndProjectSection
EndProject
Project("{FAE04EC0-301F-11D3-BF4B-00C04F79EFBC}") = "Tests", "Tests\Tests.csproj", "{88191769-417A-4306-B025-C01C2D431A11}"
EndProject
Project("{2150E333-8FDC-42A3-9474-1A3956D46DE8}") = ".nuget", ".nuget", "{DA6DEDCD-84E0-4E44-AEED-9DC7164B65A8}"
	ProjectSection(SolutionItems) = preProject
		.nuget\packages.config = .nuget\packages.config
	EndProjectSection
EndProject
Global
	GlobalSection(SolutionConfigurationPlatforms) = preSolution
		Debug|Any CPU = Debug|Any CPU
		Release|Any CPU = Release|Any CPU
	EndGlobalSection
	GlobalSection(ProjectConfigurationPlatforms) = postSolution
		{2611A503-AE4B-4739-AD31-80685D786D26}.Debug|Any CPU.ActiveCfg = Debug|Any CPU
		{2611A503-AE4B-4739-AD31-80685D786D26}.Debug|Any CPU.Build.0 = Debug|Any CPU
		{2611A503-AE4B-4739-AD31-80685D786D26}.Release|Any CPU.ActiveCfg = Release|Any CPU
		{2611A503-AE4B-4739-AD31-80685D786D26}.Release|Any CPU.Build.0 = Release|Any CPU
		{88191769-417A-4306-B025-C01C2D431A11}.Debug|Any CPU.ActiveCfg = Debug|Any CPU
		{88191769-417A-4306-B025-C01C2D431A11}.Debug|Any CPU.Build.0 = Debug|Any CPU
		{88191769-417A-4306-B025-C01C2D431A11}.Release|Any CPU.ActiveCfg = Release|Any CPU
		{88191769-417A-4306-B025-C01C2D431A11}.Release|Any CPU.Build.0 = Release|Any CPU
	EndGlobalSection
	GlobalSection(SolutionProperties) = preSolution
		HideSolutionNode = FALSE
	EndGlobalSection
EndGlobal
